
Microsoft Visual Studio Solution File, Format Version 12.00
# Visual Studio Version 16
VisualStudioVersion = 16.0.30413.136
MinimumVisualStudioVersion = 10.0.40219.1
Project("{FAE04EC0-301F-11D3-BF4B-00C04F79EFBC}") = "BurgersDB", "BurgersDB.csproj", "{C2A4E947-3C07-47A3-886D-C4F877D3C060}"
EndProject
Global
	GlobalSection(SolutionConfigurationPlatforms) = preSolution
		Debug|Any CPU = Debug|Any CPU
		Release|Any CPU = Release|Any CPU
	EndGlobalSection
	GlobalSection(ProjectConfigurationPlatforms) = postSolution
		{C2A4E947-3C07-47A3-886D-C4F877D3C060}.Debug|Any CPU.ActiveCfg = Debug|Any CPU
		{C2A4E947-3C07-47A3-886D-C4F877D3C060}.Debug|Any CPU.Build.0 = Debug|Any CPU
		{C2A4E947-3C07-47A3-886D-C4F877D3C060}.Release|Any CPU.ActiveCfg = Release|Any CPU
		{C2A4E947-3C07-47A3-886D-C4F877D3C060}.Release|Any CPU.Build.0 = Release|Any CPU
	EndGlobalSection
	GlobalSection(SolutionProperties) = preSolution
		HideSolutionNode = FALSE
	EndGlobalSection
	GlobalSection(ExtensibilityGlobals) = postSolution
		SolutionGuid = {CC2379E4-1CF4-4A38-845B-102AF4185099}
	EndGlobalSection
EndGlobal
